
Microsoft Visual Studio Solution File, Format Version 12.00
# Visual Studio Version 17
VisualStudioVersion = 17.8.34525.116
MinimumVisualStudioVersion = 10.0.40219.1
Project("{FAE04EC0-301F-11D3-BF4B-00C04F79EFBC}") = "OpenWeatherApp", "OpenWeatherApp.csproj", "{8586563D-66E8-4328-A9F8-5CD3DF25D0D6}"
EndProject
Global
	GlobalSection(SolutionConfigurationPlatforms) = preSolution
		Debug|Any CPU = Debug|Any CPU
		Release|Any CPU = Release|Any CPU
	EndGlobalSection
	GlobalSection(ProjectConfigurationPlatforms) = postSolution
		{8586563D-66E8-4328-A9F8-5CD3DF25D0D6}.Debug|Any CPU.ActiveCfg = Debug|Any CPU
		{8586563D-66E8-4328-A9F8-5CD3DF25D0D6}.Debug|Any CPU.Build.0 = Debug|Any CPU
		{8586563D-66E8-4328-A9F8-5CD3DF25D0D6}.Debug|Any CPU.Deploy.0 = Debug|Any CPU
		{8586563D-66E8-4328-A9F8-5CD3DF25D0D6}.Release|Any CPU.ActiveCfg = Release|Any CPU
		{8586563D-66E8-4328-A9F8-5CD3DF25D0D6}.Release|Any CPU.Build.0 = Release|Any CPU
		{8586563D-66E8-4328-A9F8-5CD3DF25D0D6}.Release|Any CPU.Deploy.0 = Release|Any CPU
	EndGlobalSection
	GlobalSection(SolutionProperties) = preSolution
		HideSolutionNode = FALSE
	EndGlobalSection
	GlobalSection(ExtensibilityGlobals) = postSolution
		SolutionGuid = {6B4639AC-545D-4A5D-8B02-BBECAAC9A538}
	EndGlobalSection
EndGlobal
